// !$*UTF8*$!
{
	archiveVersion = 1;
	classes = {
	};
	objectVersion = 55;
	objects = {

/* Begin PBXBuildFile section */
		48164C7227F081E000145E13 /* UserPreferences.swift in Sources */ = {isa = PBXBuildFile; fileRef = 48164C7127F081E000145E13 /* UserPreferences.swift */; };
		482A999A27F05279004D16EE /* AppDelegate.swift in Sources */ = {isa = PBXBuildFile; fileRef = 482A999927F05279004D16EE /* AppDelegate.swift */; };
		482A999C27F0527C004D16EE /* Assets.xcassets in Resources */ = {isa = PBXBuildFile; fileRef = 482A999B27F0527C004D16EE /* Assets.xcassets */; };
		482A999F27F0527C004D16EE /* MainMenu.xib in Resources */ = {isa = PBXBuildFile; fileRef = 482A999D27F0527C004D16EE /* MainMenu.xib */; };
		482A99A727F052E8004D16EE /* MainWindow.swift in Sources */ = {isa = PBXBuildFile; fileRef = 482A99A627F052E8004D16EE /* MainWindow.swift */; };
		482A99A927F052F6004D16EE /* MainView.swift in Sources */ = {isa = PBXBuildFile; fileRef = 482A99A827F052F6004D16EE /* MainView.swift */; };
		482A99AB27F059AC004D16EE /* NSColor+hexinit.swift in Sources */ = {isa = PBXBuildFile; fileRef = 482A99AA27F059AC004D16EE /* NSColor+hexinit.swift */; };
		484B943727F09C0B00E1ECF2 /* XCLog in Frameworks */ = {isa = PBXBuildFile; productRef = 484B943627F09C0B00E1ECF2 /* XCLog */; };
		484B943927F0A1A000E1ECF2 /* PreferenceWindow.swift in Sources */ = {isa = PBXBuildFile; fileRef = 484B943827F0A1A000E1ECF2 /* PreferenceWindow.swift */; };
		484B945627F0B40B00E1ECF2 /* PreferenceView.swift in Sources */ = {isa = PBXBuildFile; fileRef = 484B945527F0B40B00E1ECF2 /* PreferenceView.swift */; };
/* End PBXBuildFile section */

/* Begin PBXFileReference section */
		48164C6D27F07CC200145E13 /* Info.plist */ = {isa = PBXFileReference; fileEncoding = 4; lastKnownFileType = text.plist.xml; path = Info.plist; sourceTree = "<group>"; };
		48164C7127F081E000145E13 /* UserPreferences.swift */ = {isa = PBXFileReference; lastKnownFileType = sourcecode.swift; path = UserPreferences.swift; sourceTree = "<group>"; };
		482A999627F05279004D16EE /* ExSticky.app */ = {isa = PBXFileReference; explicitFileType = wrapper.application; includeInIndex = 0; path = ExSticky.app; sourceTree = BUILT_PRODUCTS_DIR; };
		482A999927F05279004D16EE /* AppDelegate.swift */ = {isa = PBXFileReference; lastKnownFileType = sourcecode.swift; path = AppDelegate.swift; sourceTree = "<group>"; };
		482A999B27F0527C004D16EE /* Assets.xcassets */ = {isa = PBXFileReference; lastKnownFileType = folder.assetcatalog; path = Assets.xcassets; sourceTree = "<group>"; };
		482A999E27F0527C004D16EE /* Base */ = {isa = PBXFileReference; lastKnownFileType = file.xib; name = Base; path = Base.lproj/MainMenu.xib; sourceTree = "<group>"; };
		482A99A027F0527C004D16EE /* ExSticky.entitlements */ = {isa = PBXFileReference; lastKnownFileType = text.plist.entitlements; path = ExSticky.entitlements; sourceTree = "<group>"; };
		482A99A627F052E8004D16EE /* MainWindow.swift */ = {isa = PBXFileReference; lastKnownFileType = sourcecode.swift; path = MainWindow.swift; sourceTree = "<group>"; };
		482A99A827F052F6004D16EE /* MainView.swift */ = {isa = PBXFileReference; lastKnownFileType = sourcecode.swift; path = MainView.swift; sourceTree = "<group>"; };
		482A99AA27F059AC004D16EE /* NSColor+hexinit.swift */ = {isa = PBXFileReference; lastKnownFileType = sourcecode.swift; path = "NSColor+hexinit.swift"; sourceTree = "<group>"; };
		482A99AD27F064DE004D16EE /* README.md */ = {isa = PBXFileReference; lastKnownFileType = net.daringfireball.markdown; path = README.md; sourceTree = "<group>"; };
		482A99AE27F064E5004D16EE /* TODO.md */ = {isa = PBXFileReference; lastKnownFileType = net.daringfireball.markdown; path = TODO.md; sourceTree = "<group>"; };
		484B943827F0A1A000E1ECF2 /* PreferenceWindow.swift */ = {isa = PBXFileReference; lastKnownFileType = sourcecode.swift; path = PreferenceWindow.swift; sourceTree = "<group>"; };
		484B945527F0B40B00E1ECF2 /* PreferenceView.swift */ = {isa = PBXFileReference; lastKnownFileType = sourcecode.swift; path = PreferenceView.swift; sourceTree = "<group>"; };
/* End PBXFileReference section */

/* Begin PBXFrameworksBuildPhase section */
		482A999327F05279004D16EE /* Frameworks */ = {
			isa = PBXFrameworksBuildPhase;
			buildActionMask = 2147483647;
			files = (
				484B943727F09C0B00E1ECF2 /* XCLog in Frameworks */,
			);
			runOnlyForDeploymentPostprocessing = 0;
		};
/* End PBXFrameworksBuildPhase section */

/* Begin PBXGroup section */
		48164C6F27F081CA00145E13 /* App */ = {
			isa = PBXGroup;
			children = (
				482A999927F05279004D16EE /* AppDelegate.swift */,
				482A99A627F052E8004D16EE /* MainWindow.swift */,
				482A99A827F052F6004D16EE /* MainView.swift */,
				484B945727F0B9E100E1ECF2 /* Preferences */,
			);
			path = App;
			sourceTree = "<group>";
		};
		482A998D27F05279004D16EE = {
			isa = PBXGroup;
			children = (
				482A99AE27F064E5004D16EE /* TODO.md */,
				482A99AD27F064DE004D16EE /* README.md */,
				482A999827F05279004D16EE /* ExSticky */,
				482A999727F05279004D16EE /* Products */,
			);
			sourceTree = "<group>";
		};
		482A999727F05279004D16EE /* Products */ = {
			isa = PBXGroup;
			children = (
				482A999627F05279004D16EE /* ExSticky.app */,
			);
			name = Products;
			sourceTree = "<group>";
		};
		482A999827F05279004D16EE /* ExSticky */ = {
			isa = PBXGroup;
			children = (
				48164C6F27F081CA00145E13 /* App */,
				482A99AC27F05CA3004D16EE /* Extensions */,
				482A999B27F0527C004D16EE /* Assets.xcassets */,
				482A999D27F0527C004D16EE /* MainMenu.xib */,
				48164C6D27F07CC200145E13 /* Info.plist */,
				482A99A027F0527C004D16EE /* ExSticky.entitlements */,
			);
			path = ExSticky;
			sourceTree = "<group>";
		};
		482A99AC27F05CA3004D16EE /* Extensions */ = {
			isa = PBXGroup;
			children = (
				482A99AA27F059AC004D16EE /* NSColor+hexinit.swift */,
			);
			path = Extensions;
			sourceTree = "<group>";
		};
		484B945727F0B9E100E1ECF2 /* Preferences */ = {
			isa = PBXGroup;
			children = (
				484B943827F0A1A000E1ECF2 /* PreferenceWindow.swift */,
				484B945527F0B40B00E1ECF2 /* PreferenceView.swift */,
				48164C7127F081E000145E13 /* UserPreferences.swift */,
			);
			path = Preferences;
			sourceTree = "<group>";
		};
/* End PBXGroup section */

/* Begin PBXNativeTarget section */
		482A999527F05279004D16EE /* ExSticky */ = {
			isa = PBXNativeTarget;
			buildConfigurationList = 482A99A327F0527C004D16EE /* Build configuration list for PBXNativeTarget "ExSticky" */;
			buildPhases = (
				482A999227F05279004D16EE /* Sources */,
				482A999327F05279004D16EE /* Frameworks */,
				482A999427F05279004D16EE /* Resources */,
			);
			buildRules = (
			);
			dependencies = (
			);
			name = ExSticky;
			packageProductDependencies = (
				484B943627F09C0B00E1ECF2 /* XCLog */,
			);
			productName = tryopequewindow;
			productReference = 482A999627F05279004D16EE /* ExSticky.app */;
			productType = "com.apple.product-type.application";
		};
/* End PBXNativeTarget section */

/* Begin PBXProject section */
		482A998E27F05279004D16EE /* Project object */ = {
			isa = PBXProject;
			attributes = {
				BuildIndependentTargetsInParallel = 1;
				LastSwiftUpdateCheck = 1320;
				LastUpgradeCheck = 1320;
				TargetAttributes = {
					482A999527F05279004D16EE = {
						CreatedOnToolsVersion = 13.2.1;
					};
				};
			};
			buildConfigurationList = 482A999127F05279004D16EE /* Build configuration list for PBXProject "ExSticky" */;
			compatibilityVersion = "Xcode 13.0";
			developmentRegion = en;
			hasScannedForEncodings = 0;
			knownRegions = (
				en,
				Base,
			);
			mainGroup = 482A998D27F05279004D16EE;
			packageReferences = (
				484B943527F09C0B00E1ECF2 /* XCRemoteSwiftPackageReference "XCLog" */,
			);
			productRefGroup = 482A999727F05279004D16EE /* Products */;
			projectDirPath = "";
			projectRoot = "";
			targets = (
				482A999527F05279004D16EE /* ExSticky */,
			);
		};
/* End PBXProject section */

/* Begin PBXResourcesBuildPhase section */
		482A999427F05279004D16EE /* Resources */ = {
			isa = PBXResourcesBuildPhase;
			buildActionMask = 2147483647;
			files = (
				482A999C27F0527C004D16EE /* Assets.xcassets in Resources */,
				482A999F27F0527C004D16EE /* MainMenu.xib in Resources */,
			);
			runOnlyForDeploymentPostprocessing = 0;
		};
/* End PBXResourcesBuildPhase section */

/* Begin PBXSourcesBuildPhase section */
		482A999227F05279004D16EE /* Sources */ = {
			isa = PBXSourcesBuildPhase;
			buildActionMask = 2147483647;
			files = (
				482A99AB27F059AC004D16EE /* NSColor+hexinit.swift in Sources */,
				482A99A727F052E8004D16EE /* MainWindow.swift in Sources */,
				48164C7227F081E000145E13 /* UserPreferences.swift in Sources */,
				482A99A927F052F6004D16EE /* MainView.swift in Sources */,
				482A999A27F05279004D16EE /* AppDelegate.swift in Sources */,
				484B943927F0A1A000E1ECF2 /* PreferenceWindow.swift in Sources */,
				484B945627F0B40B00E1ECF2 /* PreferenceView.swift in Sources */,
			);
			runOnlyForDeploymentPostprocessing = 0;
		};
/* End PBXSourcesBuildPhase section */

/* Begin PBXVariantGroup section */
		482A999D27F0527C004D16EE /* MainMenu.xib */ = {
			isa = PBXVariantGroup;
			children = (
				482A999E27F0527C004D16EE /* Base */,
			);
			name = MainMenu.xib;
			sourceTree = "<group>";
		};
/* End PBXVariantGroup section */

/* Begin XCBuildConfiguration section */
		482A99A127F0527C004D16EE /* Debug */ = {
			isa = XCBuildConfiguration;
			buildSettings = {
				ALWAYS_SEARCH_USER_PATHS = NO;
				CLANG_ANALYZER_NONNULL = YES;
				CLANG_ANALYZER_NUMBER_OBJECT_CONVERSION = YES_AGGRESSIVE;
				CLANG_CXX_LANGUAGE_STANDARD = "gnu++17";
				CLANG_CXX_LIBRARY = "libc++";
				CLANG_ENABLE_MODULES = YES;
				CLANG_ENABLE_OBJC_ARC = YES;
				CLANG_ENABLE_OBJC_WEAK = YES;
				CLANG_WARN_BLOCK_CAPTURE_AUTORELEASING = YES;
				CLANG_WARN_BOOL_CONVERSION = YES;
				CLANG_WARN_COMMA = YES;
				CLANG_WARN_CONSTANT_CONVERSION = YES;
				CLANG_WARN_DEPRECATED_OBJC_IMPLEMENTATIONS = YES;
				CLANG_WARN_DIRECT_OBJC_ISA_USAGE = YES_ERROR;
				CLANG_WARN_DOCUMENTATION_COMMENTS = YES;
				CLANG_WARN_EMPTY_BODY = YES;
				CLANG_WARN_ENUM_CONVERSION = YES;
				CLANG_WARN_INFINITE_RECURSION = YES;
				CLANG_WARN_INT_CONVERSION = YES;
				CLANG_WARN_NON_LITERAL_NULL_CONVERSION = YES;
				CLANG_WARN_OBJC_IMPLICIT_RETAIN_SELF = YES;
				CLANG_WARN_OBJC_LITERAL_CONVERSION = YES;
				CLANG_WARN_OBJC_ROOT_CLASS = YES_ERROR;
				CLANG_WARN_QUOTED_INCLUDE_IN_FRAMEWORK_HEADER = YES;
				CLANG_WARN_RANGE_LOOP_ANALYSIS = YES;
				CLANG_WARN_STRICT_PROTOTYPES = YES;
				CLANG_WARN_SUSPICIOUS_MOVE = YES;
				CLANG_WARN_UNGUARDED_AVAILABILITY = YES_AGGRESSIVE;
				CLANG_WARN_UNREACHABLE_CODE = YES;
				CLANG_WARN__DUPLICATE_METHOD_MATCH = YES;
				COPY_PHASE_STRIP = NO;
				DEBUG_INFORMATION_FORMAT = dwarf;
				ENABLE_STRICT_OBJC_MSGSEND = YES;
				ENABLE_TESTABILITY = YES;
				GCC_C_LANGUAGE_STANDARD = gnu11;
				GCC_DYNAMIC_NO_PIC = NO;
				GCC_NO_COMMON_BLOCKS = YES;
				GCC_OPTIMIZATION_LEVEL = 0;
				GCC_PREPROCESSOR_DEFINITIONS = (
					"DEBUG=1",
					"$(inherited)",
				);
				GCC_WARN_64_TO_32_BIT_CONVERSION = YES;
				GCC_WARN_ABOUT_RETURN_TYPE = YES_ERROR;
				GCC_WARN_UNDECLARED_SELECTOR = YES;
				GCC_WARN_UNINITIALIZED_AUTOS = YES_AGGRESSIVE;
				GCC_WARN_UNUSED_FUNCTION = YES;
				GCC_WARN_UNUSED_VARIABLE = YES;
				MACOSX_DEPLOYMENT_TARGET = 12.1;
				MTL_ENABLE_DEBUG_INFO = INCLUDE_SOURCE;
				MTL_FAST_MATH = YES;
				ONLY_ACTIVE_ARCH = YES;
				SDKROOT = macosx;
				SWIFT_ACTIVE_COMPILATION_CONDITIONS = DEBUG;
				SWIFT_OPTIMIZATION_LEVEL = "-Onone";
			};
			name = Debug;
		};
		482A99A227F0527C004D16EE /* Release */ = {
			isa = XCBuildConfiguration;
			buildSettings = {
				ALWAYS_SEARCH_USER_PATHS = NO;
				CLANG_ANALYZER_NONNULL = YES;
				CLANG_ANALYZER_NUMBER_OBJECT_CONVERSION = YES_AGGRESSIVE;
				CLANG_CXX_LANGUAGE_STANDARD = "gnu++17";
				CLANG_CXX_LIBRARY = "libc++";
				CLANG_ENABLE_MODULES = YES;
				CLANG_ENABLE_OBJC_ARC = YES;
				CLANG_ENABLE_OBJC_WEAK = YES;
				CLANG_WARN_BLOCK_CAPTURE_AUTORELEASING = YES;
				CLANG_WARN_BOOL_CONVERSION = YES;
				CLANG_WARN_COMMA = YES;
				CLANG_WARN_CONSTANT_CONVERSION = YES;
				CLANG_WARN_DEPRECATED_OBJC_IMPLEMENTATIONS = YES;
				CLANG_WARN_DIRECT_OBJC_ISA_USAGE = YES_ERROR;
				CLANG_WARN_DOCUMENTATION_COMMENTS = YES;
				CLANG_WARN_EMPTY_BODY = YES;
				CLANG_WARN_ENUM_CONVERSION = YES;
				CLANG_WARN_INFINITE_RECURSION = YES;
				CLANG_WARN_INT_CONVERSION = YES;
				CLANG_WARN_NON_LITERAL_NULL_CONVERSION = YES;
				CLANG_WARN_OBJC_IMPLICIT_RETAIN_SELF = YES;
				CLANG_WARN_OBJC_LITERAL_CONVERSION = YES;
				CLANG_WARN_OBJC_ROOT_CLASS = YES_ERROR;
				CLANG_WARN_QUOTED_INCLUDE_IN_FRAMEWORK_HEADER = YES;
				CLANG_WARN_RANGE_LOOP_ANALYSIS = YES;
				CLANG_WARN_STRICT_PROTOTYPES = YES;
				CLANG_WARN_SUSPICIOUS_MOVE = YES;
				CLANG_WARN_UNGUARDED_AVAILABILITY = YES_AGGRESSIVE;
				CLANG_WARN_UNREACHABLE_CODE = YES;
				CLANG_WARN__DUPLICATE_METHOD_MATCH = YES;
				COPY_PHASE_STRIP = NO;
				DEBUG_INFORMATION_FORMAT = "dwarf-with-dsym";
				ENABLE_NS_ASSERTIONS = NO;
				ENABLE_STRICT_OBJC_MSGSEND = YES;
				GCC_C_LANGUAGE_STANDARD = gnu11;
				GCC_NO_COMMON_BLOCKS = YES;
				GCC_WARN_64_TO_32_BIT_CONVERSION = YES;
				GCC_WARN_ABOUT_RETURN_TYPE = YES_ERROR;
				GCC_WARN_UNDECLARED_SELECTOR = YES;
				GCC_WARN_UNINITIALIZED_AUTOS = YES_AGGRESSIVE;
				GCC_WARN_UNUSED_FUNCTION = YES;
				GCC_WARN_UNUSED_VARIABLE = YES;
				MACOSX_DEPLOYMENT_TARGET = 12.1;
				MTL_ENABLE_DEBUG_INFO = NO;
				MTL_FAST_MATH = YES;
				SDKROOT = macosx;
				SWIFT_COMPILATION_MODE = wholemodule;
				SWIFT_OPTIMIZATION_LEVEL = "-O";
			};
			name = Release;
		};
		482A99A427F0527C004D16EE /* Debug */ = {
			isa = XCBuildConfiguration;
			buildSettings = {
				ASSETCATALOG_COMPILER_APPICON_NAME = AppIcon;
				ASSETCATALOG_COMPILER_GLOBAL_ACCENT_COLOR_NAME = AccentColor;
				CODE_SIGN_ENTITLEMENTS = ExSticky/ExSticky.entitlements;
				CODE_SIGN_STYLE = Automatic;
				COMBINE_HIDPI_IMAGES = YES;
				CURRENT_PROJECT_VERSION = 1;
				DEVELOPMENT_TEAM = C4W6UUH267;
				ENABLE_HARDENED_RUNTIME = YES;
				GENERATE_INFOPLIST_FILE = YES;
				INFOPLIST_FILE = ExSticky/Info.plist;
				INFOPLIST_KEY_NSHumanReadableCopyright = "";
				INFOPLIST_KEY_NSMainNibFile = MainMenu;
				INFOPLIST_KEY_NSPrincipalClass = NSApplication;
				LD_RUNPATH_SEARCH_PATHS = (
					"$(inherited)",
					"@executable_path/../Frameworks",
				);
				MARKETING_VERSION = 1.0;
				PRODUCT_BUNDLE_IDENTIFIER = com.yangxijie.ExSticky;
				PRODUCT_NAME = "$(TARGET_NAME)";
				SWIFT_EMIT_LOC_STRINGS = YES;
				SWIFT_VERSION = 5.0;
			};
			name = Debug;
		};
		482A99A527F0527C004D16EE /* Release */ = {
			isa = XCBuildConfiguration;
			buildSettings = {
				ASSETCATALOG_COMPILER_APPICON_NAME = AppIcon;
				ASSETCATALOG_COMPILER_GLOBAL_ACCENT_COLOR_NAME = AccentColor;
				CODE_SIGN_ENTITLEMENTS = ExSticky/ExSticky.entitlements;
				CODE_SIGN_STYLE = Automatic;
				COMBINE_HIDPI_IMAGES = YES;
				CURRENT_PROJECT_VERSION = 1;
				DEVELOPMENT_TEAM = C4W6UUH267;
				ENABLE_HARDENED_RUNTIME = YES;
				GENERATE_INFOPLIST_FILE = YES;
				INFOPLIST_FILE = ExSticky/Info.plist;
				INFOPLIST_KEY_NSHumanReadableCopyright = "";
				INFOPLIST_KEY_NSMainNibFile = MainMenu;
				INFOPLIST_KEY_NSPrincipalClass = NSApplication;
				LD_RUNPATH_SEARCH_PATHS = (
					"$(inherited)",
					"@executable_path/../Frameworks",
				);
				MARKETING_VERSION = 1.0;
				PRODUCT_BUNDLE_IDENTIFIER = com.yangxijie.ExSticky;
				PRODUCT_NAME = "$(TARGET_NAME)";
				SWIFT_EMIT_LOC_STRINGS = YES;
				SWIFT_VERSION = 5.0;
			};
			name = Release;
		};
/* End XCBuildConfiguration section */

/* Begin XCConfigurationList section */
		482A999127F05279004D16EE /* Build configuration list for PBXProject "ExSticky" */ = {
			isa = XCConfigurationList;
			buildConfigurations = (
				482A99A127F0527C004D16EE /* Debug */,
				482A99A227F0527C004D16EE /* Release */,
			);
			defaultConfigurationIsVisible = 0;
			defaultConfigurationName = Release;
		};
		482A99A327F0527C004D16EE /* Build configuration list for PBXNativeTarget "ExSticky" */ = {
			isa = XCConfigurationList;
			buildConfigurations = (
				482A99A427F0527C004D16EE /* Debug */,
				482A99A527F0527C004D16EE /* Release */,
			);
			defaultConfigurationIsVisible = 0;
			defaultConfigurationName = Release;
		};
/* End XCConfigurationList section */

/* Begin XCRemoteSwiftPackageReference section */
		484B943527F09C0B00E1ECF2 /* XCRemoteSwiftPackageReference "XCLog" */ = {
			isa = XCRemoteSwiftPackageReference;
			repositoryURL = "https://github.com/Yang-Xijie/XCLog";
			requirement = {
				branch = main;
				kind = branch;
			};
		};
/* End XCRemoteSwiftPackageReference section */

/* Begin XCSwiftPackageProductDependency section */
		484B943627F09C0B00E1ECF2 /* XCLog */ = {
			isa = XCSwiftPackageProductDependency;
			package = 484B943527F09C0B00E1ECF2 /* XCRemoteSwiftPackageReference "XCLog" */;
			productName = XCLog;
		};
/* End XCSwiftPackageProductDependency section */
	};
	rootObject = 482A998E27F05279004D16EE /* Project object */;
}
