// !$*UTF8*$!
{
	archiveVersion = 1;
	classes = {
	};
	objectVersion = 55;
	objects = {

/* Begin PBXBuildFile section */
		480C6C2627F0FAC200028C65 /* PreferenceWC.swift in Sources */ = {isa = PBXBuildFile; fileRef = 480C6C2327F0FAC200028C65 /* PreferenceWC.swift */; };
		480C6C2727F0FAC200028C65 /* AppearancePreferenceVC.swift in Sources */ = {isa = PBXBuildFile; fileRef = 480C6C2527F0FAC200028C65 /* AppearancePreferenceVC.swift */; };
		480C6C2827F0FAC200028C65 /* BehaviorPreferenceVC.swift in Sources */ = {isa = PBXBuildFile; fileRef = 480C6C2427F0FAC200028C65 /* BehaviorPreferenceVC.swift */; };
		480C6C2927F0FAC200028C65 /* TextPreferenceVC.swift in Sources */ = {isa = PBXBuildFile; fileRef = 480C6C2227F0FAC200028C65 /* TextPreferenceVC.swift */; };
		48164C7227F081E000145E13 /* UserSettings.swift in Sources */ = {isa = PBXBuildFile; fileRef = 48164C7127F081E000145E13 /* UserSettings.swift */; };
		4816AB2527F2D27B00C49316 /* NSPoint+init_yFromTop.swift in Sources */ = {isa = PBXBuildFile; fileRef = 4816AB2427F2D27B00C49316 /* NSPoint+init_yFromTop.swift */; };
		4816AB2727F2D7B000C49316 /* UserData.swift in Sources */ = {isa = PBXBuildFile; fileRef = 4816AB2627F2D7B000C49316 /* UserData.swift */; };
		481F04E827F1E5E0005FB2A4 /* UInt32_String+hex_dec.swift in Sources */ = {isa = PBXBuildFile; fileRef = 481F04E727F1E5E0005FB2A4 /* UInt32_String+hex_dec.swift */; };
		48257E2727F5F31A008B8559 /* TextWC.swift in Sources */ = {isa = PBXBuildFile; fileRef = 48257E2627F5F31A008B8559 /* TextWC.swift */; };
		482A999A27F05279004D16EE /* AppDelegate.swift in Sources */ = {isa = PBXBuildFile; fileRef = 482A999927F05279004D16EE /* AppDelegate.swift */; };
		482A999C27F0527C004D16EE /* Assets.xcassets in Resources */ = {isa = PBXBuildFile; fileRef = 482A999B27F0527C004D16EE /* Assets.xcassets */; };
		482A999F27F0527C004D16EE /* MainMenu.xib in Resources */ = {isa = PBXBuildFile; fileRef = 482A999D27F0527C004D16EE /* MainMenu.xib */; };
		482A99A727F052E8004D16EE /* TextWindow.swift in Sources */ = {isa = PBXBuildFile; fileRef = 482A99A627F052E8004D16EE /* TextWindow.swift */; };
		482A99A927F052F6004D16EE /* TextView.swift in Sources */ = {isa = PBXBuildFile; fileRef = 482A99A827F052F6004D16EE /* TextView.swift */; };
		482A99AB27F059AC004D16EE /* NSColor+hexinit.swift in Sources */ = {isa = PBXBuildFile; fileRef = 482A99AA27F059AC004D16EE /* NSColor+hexinit.swift */; };
		484B943727F09C0B00E1ECF2 /* XCLog in Frameworks */ = {isa = PBXBuildFile; productRef = 484B943627F09C0B00E1ECF2 /* XCLog */; };
		48698FCA27F226DA0006B3E4 /* Constants.swift in Sources */ = {isa = PBXBuildFile; fileRef = 48698FC927F226DA0006B3E4 /* Constants.swift */; };
		488D64EA27F338B4003578EB /* InfoPlist.strings in Resources */ = {isa = PBXBuildFile; fileRef = 488D64E827F338B4003578EB /* InfoPlist.strings */; };
		488D64ED27F338B4003578EB /* Localizable.strings in Resources */ = {isa = PBXBuildFile; fileRef = 488D64EB27F338B4003578EB /* Localizable.strings */; };
		48A10A1F27F2003200303EC8 /* DataPackages.swift in Sources */ = {isa = PBXBuildFile; fileRef = 48A10A1E27F2003200303EC8 /* DataPackages.swift */; };
		48A10A2127F205FB00303EC8 /* ExStickyEnums.swift in Sources */ = {isa = PBXBuildFile; fileRef = 48A10A2027F205FB00303EC8 /* ExStickyEnums.swift */; };
		48CFAF4327F50B2D005C9D14 /* NSApp+CopyToSystemPasteboard.swift in Sources */ = {isa = PBXBuildFile; fileRef = 48CFAF4227F50B2D005C9D14 /* NSApp+CopyToSystemPasteboard.swift */; };
		48CFAF4527F50BC0005C9D14 /* ExStickyHistory.swift in Sources */ = {isa = PBXBuildFile; fileRef = 48CFAF4427F50BC0005C9D14 /* ExStickyHistory.swift */; };
/* End PBXBuildFile section */

/* Begin PBXFileReference section */
		480C6C2227F0FAC200028C65 /* TextPreferenceVC.swift */ = {isa = PBXFileReference; lastKnownFileType = sourcecode.swift; path = TextPreferenceVC.swift; sourceTree = "<group>"; };
		480C6C2327F0FAC200028C65 /* PreferenceWC.swift */ = {isa = PBXFileReference; lastKnownFileType = sourcecode.swift; path = PreferenceWC.swift; sourceTree = "<group>"; };
		480C6C2427F0FAC200028C65 /* BehaviorPreferenceVC.swift */ = {isa = PBXFileReference; lastKnownFileType = sourcecode.swift; path = BehaviorPreferenceVC.swift; sourceTree = "<group>"; };
		480C6C2527F0FAC200028C65 /* AppearancePreferenceVC.swift */ = {isa = PBXFileReference; lastKnownFileType = sourcecode.swift; path = AppearancePreferenceVC.swift; sourceTree = "<group>"; };
		48164C6D27F07CC200145E13 /* Info.plist */ = {isa = PBXFileReference; fileEncoding = 4; lastKnownFileType = text.plist.xml; path = Info.plist; sourceTree = "<group>"; };
		48164C7127F081E000145E13 /* UserSettings.swift */ = {isa = PBXFileReference; lastKnownFileType = sourcecode.swift; path = UserSettings.swift; sourceTree = "<group>"; };
		4816AB2427F2D27B00C49316 /* NSPoint+init_yFromTop.swift */ = {isa = PBXFileReference; lastKnownFileType = sourcecode.swift; path = "NSPoint+init_yFromTop.swift"; sourceTree = "<group>"; };
		4816AB2627F2D7B000C49316 /* UserData.swift */ = {isa = PBXFileReference; lastKnownFileType = sourcecode.swift; path = UserData.swift; sourceTree = "<group>"; };
		481F04E727F1E5E0005FB2A4 /* UInt32_String+hex_dec.swift */ = {isa = PBXFileReference; lastKnownFileType = sourcecode.swift; path = "UInt32_String+hex_dec.swift"; sourceTree = "<group>"; };
		48257E2627F5F31A008B8559 /* TextWC.swift */ = {isa = PBXFileReference; lastKnownFileType = sourcecode.swift; path = TextWC.swift; sourceTree = "<group>"; };
		482A999627F05279004D16EE /* ExSticky.app */ = {isa = PBXFileReference; explicitFileType = wrapper.application; includeInIndex = 0; path = ExSticky.app; sourceTree = BUILT_PRODUCTS_DIR; };
		482A999927F05279004D16EE /* AppDelegate.swift */ = {isa = PBXFileReference; lastKnownFileType = sourcecode.swift; path = AppDelegate.swift; sourceTree = "<group>"; };
		482A999B27F0527C004D16EE /* Assets.xcassets */ = {isa = PBXFileReference; lastKnownFileType = folder.assetcatalog; path = Assets.xcassets; sourceTree = "<group>"; };
		482A999E27F0527C004D16EE /* Base */ = {isa = PBXFileReference; lastKnownFileType = file.xib; name = Base; path = Base.lproj/MainMenu.xib; sourceTree = "<group>"; };
		482A99A027F0527C004D16EE /* ExSticky.entitlements */ = {isa = PBXFileReference; lastKnownFileType = text.plist.entitlements; path = ExSticky.entitlements; sourceTree = "<group>"; };
		482A99A627F052E8004D16EE /* TextWindow.swift */ = {isa = PBXFileReference; lastKnownFileType = sourcecode.swift; path = TextWindow.swift; sourceTree = "<group>"; };
		482A99A827F052F6004D16EE /* TextView.swift */ = {isa = PBXFileReference; lastKnownFileType = sourcecode.swift; path = TextView.swift; sourceTree = "<group>"; };
		482A99AA27F059AC004D16EE /* NSColor+hexinit.swift */ = {isa = PBXFileReference; lastKnownFileType = sourcecode.swift; path = "NSColor+hexinit.swift"; sourceTree = "<group>"; };
		482A99AD27F064DE004D16EE /* README.md */ = {isa = PBXFileReference; lastKnownFileType = net.daringfireball.markdown; path = README.md; sourceTree = "<group>"; };
		48698FC927F226DA0006B3E4 /* Constants.swift */ = {isa = PBXFileReference; lastKnownFileType = sourcecode.swift; path = Constants.swift; sourceTree = "<group>"; };
		488D64E727F336F7003578EB /* zh-Hans */ = {isa = PBXFileReference; lastKnownFileType = text.plist.strings; name = "zh-Hans"; path = "zh-Hans.lproj/MainMenu.strings"; sourceTree = "<group>"; };
		488D64E927F338B4003578EB /* zh-Hans */ = {isa = PBXFileReference; lastKnownFileType = text.plist.strings; name = "zh-Hans"; path = "zh-Hans.lproj/InfoPlist.strings"; sourceTree = "<group>"; };
		488D64EC27F338B4003578EB /* zh-Hans */ = {isa = PBXFileReference; lastKnownFileType = text.plist.strings; name = "zh-Hans"; path = "zh-Hans.lproj/Localizable.strings"; sourceTree = "<group>"; };
		48A10A1E27F2003200303EC8 /* DataPackages.swift */ = {isa = PBXFileReference; lastKnownFileType = sourcecode.swift; path = DataPackages.swift; sourceTree = "<group>"; };
		48A10A2027F205FB00303EC8 /* ExStickyEnums.swift */ = {isa = PBXFileReference; lastKnownFileType = sourcecode.swift; path = ExStickyEnums.swift; sourceTree = "<group>"; };
		48CFAF4127F50291005C9D14 /* en */ = {isa = PBXFileReference; lastKnownFileType = text.plist.strings; name = en; path = en.lproj/Localizable.strings; sourceTree = "<group>"; };
		48CFAF4227F50B2D005C9D14 /* NSApp+CopyToSystemPasteboard.swift */ = {isa = PBXFileReference; lastKnownFileType = sourcecode.swift; path = "NSApp+CopyToSystemPasteboard.swift"; sourceTree = "<group>"; };
		48CFAF4427F50BC0005C9D14 /* ExStickyHistory.swift */ = {isa = PBXFileReference; lastKnownFileType = sourcecode.swift; path = ExStickyHistory.swift; sourceTree = "<group>"; };
/* End PBXFileReference section */

/* Begin PBXFrameworksBuildPhase section */
		482A999327F05279004D16EE /* Frameworks */ = {
			isa = PBXFrameworksBuildPhase;
			buildActionMask = 2147483647;
			files = (
				484B943727F09C0B00E1ECF2 /* XCLog in Frameworks */,
			);
			runOnlyForDeploymentPostprocessing = 0;
		};
/* End PBXFrameworksBuildPhase section */

/* Begin PBXGroup section */
		480C6BFB27F0D8CB00028C65 /* TextWindow */ = {
			isa = PBXGroup;
			children = (
				48257E2627F5F31A008B8559 /* TextWC.swift */,
				482A99A627F052E8004D16EE /* TextWindow.swift */,
				482A99A827F052F6004D16EE /* TextView.swift */,
			);
			path = TextWindow;
			sourceTree = "<group>";
		};
		48164C6F27F081CA00145E13 /* App */ = {
			isa = PBXGroup;
			children = (
				482A999927F05279004D16EE /* AppDelegate.swift */,
				480C6BFB27F0D8CB00028C65 /* TextWindow */,
				484B945727F0B9E100E1ECF2 /* Preferences */,
			);
			path = App;
			sourceTree = "<group>";
		};
		482A998D27F05279004D16EE = {
			isa = PBXGroup;
			children = (
				482A99AD27F064DE004D16EE /* README.md */,
				482A999827F05279004D16EE /* ExSticky */,
				482A999727F05279004D16EE /* Products */,
			);
			sourceTree = "<group>";
		};
		482A999727F05279004D16EE /* Products */ = {
			isa = PBXGroup;
			children = (
				482A999627F05279004D16EE /* ExSticky.app */,
			);
			name = Products;
			sourceTree = "<group>";
		};
		482A999827F05279004D16EE /* ExSticky */ = {
			isa = PBXGroup;
			children = (
				48164C6F27F081CA00145E13 /* App */,
				48CFAF4627F510F5005C9D14 /* User */,
				48A10A2227F2061000303EC8 /* DataStructure */,
				482A99AC27F05CA3004D16EE /* Extension */,
				482A999B27F0527C004D16EE /* Assets.xcassets */,
				482A999D27F0527C004D16EE /* MainMenu.xib */,
				48164C6D27F07CC200145E13 /* Info.plist */,
				488D64EB27F338B4003578EB /* Localizable.strings */,
				488D64E827F338B4003578EB /* InfoPlist.strings */,
				482A99A027F0527C004D16EE /* ExSticky.entitlements */,
			);
			path = ExSticky;
			sourceTree = "<group>";
		};
		482A99AC27F05CA3004D16EE /* Extension */ = {
			isa = PBXGroup;
			children = (
				482A99AA27F059AC004D16EE /* NSColor+hexinit.swift */,
				48CFAF4227F50B2D005C9D14 /* NSApp+CopyToSystemPasteboard.swift */,
				4816AB2427F2D27B00C49316 /* NSPoint+init_yFromTop.swift */,
				481F04E727F1E5E0005FB2A4 /* UInt32_String+hex_dec.swift */,
			);
			path = Extension;
			sourceTree = "<group>";
		};
		484B945727F0B9E100E1ECF2 /* Preferences */ = {
			isa = PBXGroup;
			children = (
				480C6C2327F0FAC200028C65 /* PreferenceWC.swift */,
				480C6C2227F0FAC200028C65 /* TextPreferenceVC.swift */,
				480C6C2527F0FAC200028C65 /* AppearancePreferenceVC.swift */,
				480C6C2427F0FAC200028C65 /* BehaviorPreferenceVC.swift */,
			);
			path = Preferences;
			sourceTree = "<group>";
		};
		48A10A2227F2061000303EC8 /* DataStructure */ = {
			isa = PBXGroup;
			children = (
				48698FC927F226DA0006B3E4 /* Constants.swift */,
				48A10A1E27F2003200303EC8 /* DataPackages.swift */,
				48A10A2027F205FB00303EC8 /* ExStickyEnums.swift */,
				48CFAF4427F50BC0005C9D14 /* ExStickyHistory.swift */,
			);
			path = DataStructure;
			sourceTree = "<group>";
		};
		48CFAF4627F510F5005C9D14 /* User */ = {
			isa = PBXGroup;
			children = (
				48164C7127F081E000145E13 /* UserSettings.swift */,
				4816AB2627F2D7B000C49316 /* UserData.swift */,
			);
			path = User;
			sourceTree = "<group>";
		};
/* End PBXGroup section */

/* Begin PBXNativeTarget section */
		482A999527F05279004D16EE /* ExSticky */ = {
			isa = PBXNativeTarget;
			buildConfigurationList = 482A99A327F0527C004D16EE /* Build configuration list for PBXNativeTarget "ExSticky" */;
			buildPhases = (
				482A999227F05279004D16EE /* Sources */,
				482A999327F05279004D16EE /* Frameworks */,
				482A999427F05279004D16EE /* Resources */,
			);
			buildRules = (
			);
			dependencies = (
			);
			name = ExSticky;
			packageProductDependencies = (
				484B943627F09C0B00E1ECF2 /* XCLog */,
			);
			productName = tryopequewindow;
			productReference = 482A999627F05279004D16EE /* ExSticky.app */;
			productType = "com.apple.product-type.application";
		};
/* End PBXNativeTarget section */

/* Begin PBXProject section */
		482A998E27F05279004D16EE /* Project object */ = {
			isa = PBXProject;
			attributes = {
				BuildIndependentTargetsInParallel = 1;
				LastSwiftUpdateCheck = 1320;
				LastUpgradeCheck = 1330;
				TargetAttributes = {
					482A999527F05279004D16EE = {
						CreatedOnToolsVersion = 13.2.1;
					};
				};
			};
			buildConfigurationList = 482A999127F05279004D16EE /* Build configuration list for PBXProject "ExSticky" */;
			compatibilityVersion = "Xcode 13.0";
			developmentRegion = en;
			hasScannedForEncodings = 0;
			knownRegions = (
				en,
				Base,
				"zh-Hans",
			);
			mainGroup = 482A998D27F05279004D16EE;
			packageReferences = (
				484B943527F09C0B00E1ECF2 /* XCRemoteSwiftPackageReference "XCLog" */,
			);
			productRefGroup = 482A999727F05279004D16EE /* Products */;
			projectDirPath = "";
			projectRoot = "";
			targets = (
				482A999527F05279004D16EE /* ExSticky */,
			);
		};
/* End PBXProject section */

/* Begin PBXResourcesBuildPhase section */
		482A999427F05279004D16EE /* Resources */ = {
			isa = PBXResourcesBuildPhase;
			buildActionMask = 2147483647;
			files = (
				482A999C27F0527C004D16EE /* Assets.xcassets in Resources */,
				488D64ED27F338B4003578EB /* Localizable.strings in Resources */,
				488D64EA27F338B4003578EB /* InfoPlist.strings in Resources */,
				482A999F27F0527C004D16EE /* MainMenu.xib in Resources */,
			);
			runOnlyForDeploymentPostprocessing = 0;
		};
/* End PBXResourcesBuildPhase section */

/* Begin PBXSourcesBuildPhase section */
		482A999227F05279004D16EE /* Sources */ = {
			isa = PBXSourcesBuildPhase;
			buildActionMask = 2147483647;
			files = (
				4816AB2527F2D27B00C49316 /* NSPoint+init_yFromTop.swift in Sources */,
				482A99AB27F059AC004D16EE /* NSColor+hexinit.swift in Sources */,
				481F04E827F1E5E0005FB2A4 /* UInt32_String+hex_dec.swift in Sources */,
				48CFAF4327F50B2D005C9D14 /* NSApp+CopyToSystemPasteboard.swift in Sources */,
				4816AB2727F2D7B000C49316 /* UserData.swift in Sources */,
				480C6C2727F0FAC200028C65 /* AppearancePreferenceVC.swift in Sources */,
				48A10A1F27F2003200303EC8 /* DataPackages.swift in Sources */,
				480C6C2627F0FAC200028C65 /* PreferenceWC.swift in Sources */,
				48257E2727F5F31A008B8559 /* TextWC.swift in Sources */,
				482A99A727F052E8004D16EE /* TextWindow.swift in Sources */,
				48164C7227F081E000145E13 /* UserSettings.swift in Sources */,
				48698FCA27F226DA0006B3E4 /* Constants.swift in Sources */,
				48CFAF4527F50BC0005C9D14 /* ExStickyHistory.swift in Sources */,
				480C6C2927F0FAC200028C65 /* TextPreferenceVC.swift in Sources */,
				482A99A927F052F6004D16EE /* TextView.swift in Sources */,
				482A999A27F05279004D16EE /* AppDelegate.swift in Sources */,
				48A10A2127F205FB00303EC8 /* ExStickyEnums.swift in Sources */,
				480C6C2827F0FAC200028C65 /* BehaviorPreferenceVC.swift in Sources */,
			);
			runOnlyForDeploymentPostprocessing = 0;
		};
/* End PBXSourcesBuildPhase section */

/* Begin PBXVariantGroup section */
		482A999D27F0527C004D16EE /* MainMenu.xib */ = {
			isa = PBXVariantGroup;
			children = (
				482A999E27F0527C004D16EE /* Base */,
				488D64E727F336F7003578EB /* zh-Hans */,
			);
			name = MainMenu.xib;
			sourceTree = "<group>";
		};
		488D64E827F338B4003578EB /* InfoPlist.strings */ = {
			isa = PBXVariantGroup;
			children = (
				488D64E927F338B4003578EB /* zh-Hans */,
			);
			name = InfoPlist.strings;
			sourceTree = "<group>";
		};
		488D64EB27F338B4003578EB /* Localizable.strings */ = {
			isa = PBXVariantGroup;
			children = (
				488D64EC27F338B4003578EB /* zh-Hans */,
				48CFAF4127F50291005C9D14 /* en */,
			);
			name = Localizable.strings;
			sourceTree = "<group>";
		};
/* End PBXVariantGroup section */

/* Begin XCBuildConfiguration section */
		482A99A127F0527C004D16EE /* Debug */ = {
			isa = XCBuildConfiguration;
			buildSettings = {
				ALWAYS_SEARCH_USER_PATHS = NO;
				CLANG_ANALYZER_LOCALIZABILITY_NONLOCALIZED = YES;
				CLANG_ANALYZER_NONNULL = YES;
				CLANG_ANALYZER_NUMBER_OBJECT_CONVERSION = YES_AGGRESSIVE;
				CLANG_CXX_LANGUAGE_STANDARD = "gnu++17";
				CLANG_CXX_LIBRARY = "libc++";
				CLANG_ENABLE_MODULES = YES;
				CLANG_ENABLE_OBJC_ARC = YES;
				CLANG_ENABLE_OBJC_WEAK = YES;
				CLANG_WARN_BLOCK_CAPTURE_AUTORELEASING = YES;
				CLANG_WARN_BOOL_CONVERSION = YES;
				CLANG_WARN_COMMA = YES;
				CLANG_WARN_CONSTANT_CONVERSION = YES;
				CLANG_WARN_DEPRECATED_OBJC_IMPLEMENTATIONS = YES;
				CLANG_WARN_DIRECT_OBJC_ISA_USAGE = YES_ERROR;
				CLANG_WARN_DOCUMENTATION_COMMENTS = YES;
				CLANG_WARN_EMPTY_BODY = YES;
				CLANG_WARN_ENUM_CONVERSION = YES;
				CLANG_WARN_INFINITE_RECURSION = YES;
				CLANG_WARN_INT_CONVERSION = YES;
				CLANG_WARN_NON_LITERAL_NULL_CONVERSION = YES;
				CLANG_WARN_OBJC_IMPLICIT_RETAIN_SELF = YES;
				CLANG_WARN_OBJC_LITERAL_CONVERSION = YES;
				CLANG_WARN_OBJC_ROOT_CLASS = YES_ERROR;
				CLANG_WARN_QUOTED_INCLUDE_IN_FRAMEWORK_HEADER = YES;
				CLANG_WARN_RANGE_LOOP_ANALYSIS = YES;
				CLANG_WARN_STRICT_PROTOTYPES = YES;
				CLANG_WARN_SUSPICIOUS_MOVE = YES;
				CLANG_WARN_UNGUARDED_AVAILABILITY = YES_AGGRESSIVE;
				CLANG_WARN_UNREACHABLE_CODE = YES;
				CLANG_WARN__DUPLICATE_METHOD_MATCH = YES;
				COPY_PHASE_STRIP = NO;
				DEBUG_INFORMATION_FORMAT = dwarf;
				ENABLE_STRICT_OBJC_MSGSEND = YES;
				ENABLE_TESTABILITY = YES;
				GCC_C_LANGUAGE_STANDARD = gnu11;
				GCC_DYNAMIC_NO_PIC = NO;
				GCC_NO_COMMON_BLOCKS = YES;
				GCC_OPTIMIZATION_LEVEL = 0;
				GCC_PREPROCESSOR_DEFINITIONS = (
					"DEBUG=1",
					"$(inherited)",
				);
				GCC_WARN_64_TO_32_BIT_CONVERSION = YES;
				GCC_WARN_ABOUT_RETURN_TYPE = YES_ERROR;
				GCC_WARN_UNDECLARED_SELECTOR = YES;
				GCC_WARN_UNINITIALIZED_AUTOS = YES_AGGRESSIVE;
				GCC_WARN_UNUSED_FUNCTION = YES;
				GCC_WARN_UNUSED_VARIABLE = YES;
				MACOSX_DEPLOYMENT_TARGET = 12.1;
				MTL_ENABLE_DEBUG_INFO = INCLUDE_SOURCE;
				MTL_FAST_MATH = YES;
				ONLY_ACTIVE_ARCH = YES;
				SDKROOT = macosx;
				SWIFT_ACTIVE_COMPILATION_CONDITIONS = DEBUG;
				SWIFT_OPTIMIZATION_LEVEL = "-Onone";
			};
			name = Debug;
		};
		482A99A227F0527C004D16EE /* Release */ = {
			isa = XCBuildConfiguration;
			buildSettings = {
				ALWAYS_SEARCH_USER_PATHS = NO;
				CLANG_ANALYZER_LOCALIZABILITY_NONLOCALIZED = YES;
				CLANG_ANALYZER_NONNULL = YES;
				CLANG_ANALYZER_NUMBER_OBJECT_CONVERSION = YES_AGGRESSIVE;
				CLANG_CXX_LANGUAGE_STANDARD = "gnu++17";
				CLANG_CXX_LIBRARY = "libc++";
				CLANG_ENABLE_MODULES = YES;
				CLANG_ENABLE_OBJC_ARC = YES;
				CLANG_ENABLE_OBJC_WEAK = YES;
				CLANG_WARN_BLOCK_CAPTURE_AUTORELEASING = YES;
				CLANG_WARN_BOOL_CONVERSION = YES;
				CLANG_WARN_COMMA = YES;
				CLANG_WARN_CONSTANT_CONVERSION = YES;
				CLANG_WARN_DEPRECATED_OBJC_IMPLEMENTATIONS = YES;
				CLANG_WARN_DIRECT_OBJC_ISA_USAGE = YES_ERROR;
				CLANG_WARN_DOCUMENTATION_COMMENTS = YES;
				CLANG_WARN_EMPTY_BODY = YES;
				CLANG_WARN_ENUM_CONVERSION = YES;
				CLANG_WARN_INFINITE_RECURSION = YES;
				CLANG_WARN_INT_CONVERSION = YES;
				CLANG_WARN_NON_LITERAL_NULL_CONVERSION = YES;
				CLANG_WARN_OBJC_IMPLICIT_RETAIN_SELF = YES;
				CLANG_WARN_OBJC_LITERAL_CONVERSION = YES;
				CLANG_WARN_OBJC_ROOT_CLASS = YES_ERROR;
				CLANG_WARN_QUOTED_INCLUDE_IN_FRAMEWORK_HEADER = YES;
				CLANG_WARN_RANGE_LOOP_ANALYSIS = YES;
				CLANG_WARN_STRICT_PROTOTYPES = YES;
				CLANG_WARN_SUSPICIOUS_MOVE = YES;
				CLANG_WARN_UNGUARDED_AVAILABILITY = YES_AGGRESSIVE;
				CLANG_WARN_UNREACHABLE_CODE = YES;
				CLANG_WARN__DUPLICATE_METHOD_MATCH = YES;
				COPY_PHASE_STRIP = NO;
				DEBUG_INFORMATION_FORMAT = "dwarf-with-dsym";
				ENABLE_NS_ASSERTIONS = NO;
				ENABLE_STRICT_OBJC_MSGSEND = YES;
				GCC_C_LANGUAGE_STANDARD = gnu11;
				GCC_NO_COMMON_BLOCKS = YES;
				GCC_WARN_64_TO_32_BIT_CONVERSION = YES;
				GCC_WARN_ABOUT_RETURN_TYPE = YES_ERROR;
				GCC_WARN_UNDECLARED_SELECTOR = YES;
				GCC_WARN_UNINITIALIZED_AUTOS = YES_AGGRESSIVE;
				GCC_WARN_UNUSED_FUNCTION = YES;
				GCC_WARN_UNUSED_VARIABLE = YES;
				MACOSX_DEPLOYMENT_TARGET = 12.1;
				MTL_ENABLE_DEBUG_INFO = NO;
				MTL_FAST_MATH = YES;
				SDKROOT = macosx;
				SWIFT_COMPILATION_MODE = wholemodule;
				SWIFT_OPTIMIZATION_LEVEL = "-O";
			};
			name = Release;
		};
		482A99A427F0527C004D16EE /* Debug */ = {
			isa = XCBuildConfiguration;
			buildSettings = {
				ASSETCATALOG_COMPILER_APPICON_NAME = AppIcon;
				ASSETCATALOG_COMPILER_GLOBAL_ACCENT_COLOR_NAME = AccentColor;
				CODE_SIGN_ENTITLEMENTS = ExSticky/ExSticky.entitlements;
				CODE_SIGN_IDENTITY = "-";
				CODE_SIGN_STYLE = Automatic;
				COMBINE_HIDPI_IMAGES = YES;
				CURRENT_PROJECT_VERSION = 17;
				DEVELOPMENT_TEAM = C4W6UUH267;
				ENABLE_HARDENED_RUNTIME = YES;
				GENERATE_INFOPLIST_FILE = YES;
				INFOPLIST_FILE = ExSticky/Info.plist;
				INFOPLIST_KEY_LSApplicationCategoryType = "public.app-category.utilities";
				INFOPLIST_KEY_NSHumanReadableCopyright = "Copyright © 2022 Yang-Xijie";
				INFOPLIST_KEY_NSMainNibFile = MainMenu;
				INFOPLIST_KEY_NSPrincipalClass = NSApplication;
				LD_RUNPATH_SEARCH_PATHS = (
					"$(inherited)",
					"@executable_path/../Frameworks",
				);
				MARKETING_VERSION = 2.6;
				PRODUCT_BUNDLE_IDENTIFIER = com.yangxijie.exsticky.beta;
				PRODUCT_NAME = "$(TARGET_NAME)";
				SWIFT_EMIT_LOC_STRINGS = YES;
				SWIFT_VERSION = 5.0;
			};
			name = Debug;
		};
		482A99A527F0527C004D16EE /* Release */ = {
			isa = XCBuildConfiguration;
			buildSettings = {
				ASSETCATALOG_COMPILER_APPICON_NAME = AppIcon;
				ASSETCATALOG_COMPILER_GLOBAL_ACCENT_COLOR_NAME = AccentColor;
				CODE_SIGN_ENTITLEMENTS = ExSticky/ExSticky.entitlements;
				CODE_SIGN_IDENTITY = "-";
				CODE_SIGN_STYLE = Automatic;
				COMBINE_HIDPI_IMAGES = YES;
				CURRENT_PROJECT_VERSION = 17;
				DEVELOPMENT_TEAM = C4W6UUH267;
				ENABLE_HARDENED_RUNTIME = YES;
				GENERATE_INFOPLIST_FILE = YES;
				INFOPLIST_FILE = ExSticky/Info.plist;
				INFOPLIST_KEY_LSApplicationCategoryType = "public.app-category.utilities";
				INFOPLIST_KEY_NSHumanReadableCopyright = "Copyright © 2022 Yang-Xijie";
				INFOPLIST_KEY_NSMainNibFile = MainMenu;
				INFOPLIST_KEY_NSPrincipalClass = NSApplication;
				LD_RUNPATH_SEARCH_PATHS = (
					"$(inherited)",
					"@executable_path/../Frameworks",
				);
				MARKETING_VERSION = 2.6;
				PRODUCT_BUNDLE_IDENTIFIER = com.yangxijie.exsticky.beta;
				PRODUCT_NAME = "$(TARGET_NAME)";
				SWIFT_EMIT_LOC_STRINGS = YES;
				SWIFT_VERSION = 5.0;
			};
			name = Release;
		};
/* End XCBuildConfiguration section */

/* Begin XCConfigurationList section */
		482A999127F05279004D16EE /* Build configuration list for PBXProject "ExSticky" */ = {
			isa = XCConfigurationList;
			buildConfigurations = (
				482A99A127F0527C004D16EE /* Debug */,
				482A99A227F0527C004D16EE /* Release */,
			);
			defaultConfigurationIsVisible = 0;
			defaultConfigurationName = Release;
		};
		482A99A327F0527C004D16EE /* Build configuration list for PBXNativeTarget "ExSticky" */ = {
			isa = XCConfigurationList;
			buildConfigurations = (
				482A99A427F0527C004D16EE /* Debug */,
				482A99A527F0527C004D16EE /* Release */,
			);
			defaultConfigurationIsVisible = 0;
			defaultConfigurationName = Release;
		};
/* End XCConfigurationList section */

/* Begin XCRemoteSwiftPackageReference section */
		484B943527F09C0B00E1ECF2 /* XCRemoteSwiftPackageReference "XCLog" */ = {
			isa = XCRemoteSwiftPackageReference;
			repositoryURL = "https://github.com/Yang-Xijie/XCLog";
			requirement = {
				branch = main;
				kind = branch;
			};
		};
/* End XCRemoteSwiftPackageReference section */

/* Begin XCSwiftPackageProductDependency section */
		484B943627F09C0B00E1ECF2 /* XCLog */ = {
			isa = XCSwiftPackageProductDependency;
			package = 484B943527F09C0B00E1ECF2 /* XCRemoteSwiftPackageReference "XCLog" */;
			productName = XCLog;
		};
/* End XCSwiftPackageProductDependency section */
	};
	rootObject = 482A998E27F05279004D16EE /* Project object */;
}
